<?xml version="1.0" encoding="utf-8"?>
<Project ToolsVersion="4.0" xmlns="http://schemas.microsoft.com/developer/msbuild/2003">
  <ItemGroup>
    <Filter Include="Source Files">
      <UniqueIdentifier>{4FC737F1-C7A5-4376-A066-2A32D752A2FF}</UniqueIdentifier>
      <Extensions>cpp;c;cc;cxx;def;odl;idl;hpj;bat;asm;asmx</Extensions>
    </Filter>
    <Filter Include="Header Files">
      <UniqueIdentifier>{93995380-89BD-4b04-88EB-625FBE52EBFB}</UniqueIdentifier>
      <Extensions>h;hh;hpp;hxx;hm;inl;inc;xsd</Extensions>
    </Filter>
    <Filter Include="Resource Files">
      <UniqueIdentifier>{67DA6AB6-F800-4c08-8B7A-83BB121AAD01}</UniqueIdentifier>
      <Extensions>rc;ico;cur;bmp;dlg;rc2;rct;bin;rgs;gif;jpg;jpeg;jpe;resx;tiff;tif;png;wav;mfcribbon-ms</Extensions>
    </Filter>
    <Filter Include="cyCodebase">
      <UniqueIdentifier>{e1e6920e-ee67-49bf-af29-6d51a9004c45}</UniqueIdentifier>
    </Filter>
    <Filter Include="Shaders">
      <UniqueIdentifier>{346b4fbb-86b4-4ef6-aa9f-4ed7c2949bb2}</UniqueIdentifier>
    </Filter>
    <Filter Include="glm">
      <UniqueIdentifier>{c146a40a-785f-4893-8658-8da26b6774c4}</UniqueIdentifier>
    </Filter>
  </ItemGroup>
  <ItemGroup>
    <ClCompile Include="src\main.cpp">
      <Filter>Source Files</Filter>
    </ClCompile>
    <ClCompile Include="src\RenderableObject.cpp">
      <Filter>Source Files</Filter>
    </ClCompile>
    <ClCompile Include="src\Scene.cpp">
      <Filter>Source Files</Filter>
    </ClCompile>
    <ClCompile Include="src\Material.cpp">
      <Filter>Source Files</Filter>
    </ClCompile>
    <ClCompile Include="src\Shader.cpp">
      <Filter>Source Files</Filter>
    </ClCompile>
    <ClCompile Include="src\Camera.cpp">
      <Filter>Source Files</Filter>
    </ClCompile>
    <ClCompile Include="src\LoadPNG.cpp">
      <Filter>Source Files</Filter>
    </ClCompile>
    <ClCompile Include="src\Texture2D.cpp">
      <Filter>Source Files</Filter>
    </ClCompile>
    <ClCompile Include="src\QuadObject.cpp">
      <Filter>Source Files</Filter>
    </ClCompile>
    <ClCompile Include="src\QuadShader.cpp">
      <Filter>Source Files</Filter>
    </ClCompile>
    <ClCompile Include="src\Skybox.cpp">
      <Filter>Source Files</Filter>
    </ClCompile>
    <ClCompile Include="src\Light.cpp">
      <Filter>Source Files</Filter>
    </ClCompile>
    <ClCompile Include="src\DepthShader.cpp">
      <Filter>Source Files</Filter>
    </ClCompile>
    <ClCompile Include="src\InputHandler.cpp">
      <Filter>Source Files</Filter>
    </ClCompile>
    <ClCompile Include="src\PBRShader.cpp">
      <Filter>Source Files</Filter>
    </ClCompile>
    <ClCompile Include="src\MeshLoader.cpp">
      <Filter>Source Files</Filter>
    </ClCompile>
    <ClCompile Include="src\Irradiance.cpp">
      <Filter>Source Files</Filter>
    </ClCompile>
  </ItemGroup>
  <ItemGroup>
    <ClInclude Include="src\cyCodebase\cyTriMesh.h">
      <Filter>cyCodebase</Filter>
    </ClInclude>
    <ClInclude Include="src\cyCodebase\cyCore.h">
      <Filter>cyCodebase</Filter>
    </ClInclude>
    <ClInclude Include="src\cyCodebase\cyPoint.h">
      <Filter>cyCodebase</Filter>
    </ClInclude>
    <ClInclude Include="src\Scene.h">
      <Filter>Header Files</Filter>
    </ClInclude>
    <ClInclude Include="src\cyCodebase\cyMatrix.h">
      <Filter>cyCodebase</Filter>
    </ClInclude>
    <ClInclude Include="src\cyCodebase\cyGL.h">
      <Filter>cyCodebase</Filter>
    </ClInclude>
    <ClInclude Include="External\glm\glm\common.hpp">
      <Filter>glm</Filter>
    </ClInclude>
    <ClInclude Include="External\glm\glm\exponential.hpp">
      <Filter>glm</Filter>
    </ClInclude>
    <ClInclude Include="External\glm\glm\ext.hpp">
      <Filter>glm</Filter>
    </ClInclude>
    <ClInclude Include="External\glm\glm\fwd.hpp">
      <Filter>glm</Filter>
    </ClInclude>
    <ClInclude Include="External\glm\glm\geometric.hpp">
      <Filter>glm</Filter>
    </ClInclude>
    <ClInclude Include="External\glm\glm\glm.hpp">
      <Filter>glm</Filter>
    </ClInclude>
    <ClInclude Include="External\glm\glm\integer.hpp">
      <Filter>glm</Filter>
    </ClInclude>
    <ClInclude Include="External\glm\glm\mat2x2.hpp">
      <Filter>glm</Filter>
    </ClInclude>
    <ClInclude Include="External\glm\glm\mat2x3.hpp">
      <Filter>glm</Filter>
    </ClInclude>
    <ClInclude Include="External\glm\glm\mat2x4.hpp">
      <Filter>glm</Filter>
    </ClInclude>
    <ClInclude Include="External\glm\glm\mat3x2.hpp">
      <Filter>glm</Filter>
    </ClInclude>
    <ClInclude Include="External\glm\glm\mat3x3.hpp">
      <Filter>glm</Filter>
    </ClInclude>
    <ClInclude Include="External\glm\glm\mat3x4.hpp">
      <Filter>glm</Filter>
    </ClInclude>
    <ClInclude Include="External\glm\glm\mat4x2.hpp">
      <Filter>glm</Filter>
    </ClInclude>
    <ClInclude Include="External\glm\glm\mat4x3.hpp">
      <Filter>glm</Filter>
    </ClInclude>
    <ClInclude Include="External\glm\glm\mat4x4.hpp">
      <Filter>glm</Filter>
    </ClInclude>
    <ClInclude Include="External\glm\glm\matrix.hpp">
      <Filter>glm</Filter>
    </ClInclude>
    <ClInclude Include="External\glm\glm\packing.hpp">
      <Filter>glm</Filter>
    </ClInclude>
    <ClInclude Include="External\glm\glm\trigonometric.hpp">
      <Filter>glm</Filter>
    </ClInclude>
    <ClInclude Include="External\glm\glm\vec2.hpp">
      <Filter>glm</Filter>
    </ClInclude>
    <ClInclude Include="External\glm\glm\vec3.hpp">
      <Filter>glm</Filter>
    </ClInclude>
    <ClInclude Include="External\glm\glm\vec4.hpp">
      <Filter>glm</Filter>
    </ClInclude>
    <ClInclude Include="External\glm\glm\vector_relational.hpp">
      <Filter>glm</Filter>
    </ClInclude>
    <ClInclude Include="src\RenderableObject.h">
      <Filter>Header Files</Filter>
    </ClInclude>
    <ClInclude Include="src\Core.h">
      <Filter>Header Files</Filter>
    </ClInclude>
    <ClInclude Include="src\Material.h">
      <Filter>Header Files</Filter>
    </ClInclude>
    <ClInclude Include="src\Shader.h">
      <Filter>Header Files</Filter>
    </ClInclude>
    <ClInclude Include="src\Camera.h">
      <Filter>Header Files</Filter>
    </ClInclude>
    <ClInclude Include="src\LoadPNG.h">
      <Filter>Header Files</Filter>
    </ClInclude>
    <ClInclude Include="src\Texture2D.h">
      <Filter>Header Files</Filter>
    </ClInclude>
    <ClInclude Include="src\QuadObject.h">
      <Filter>Header Files</Filter>
    </ClInclude>
    <ClInclude Include="src\Skybox.h">
      <Filter>Header Files</Filter>
    </ClInclude>
    <ClInclude Include="src\Light.h">
      <Filter>Header Files</Filter>
    </ClInclude>
    <ClInclude Include="src\InputHandler.h">
      <Filter>Header Files</Filter>
    </ClInclude>
    <ClInclude Include="src\MeshLoader.h">
      <Filter>Header Files</Filter>
    </ClInclude>
    <ClInclude Include="src\IrradianceMap.h">
      <Filter>Header Files</Filter>
    </ClInclude>
  </ItemGroup>
  <ItemGroup>
    <None Include="src\Shaders\Blinn.frag">
      <Filter>Shaders</Filter>
    </None>
    <None Include="src\Shaders\Blinn.vert">
      <Filter>Shaders</Filter>
    </None>
    <None Include="src\Shaders\Default.vert">
      <Filter>Shaders</Filter>
    </None>
    <None Include="src\Shaders\RTT.frag">
      <Filter>Shaders</Filter>
    </None>
    <None Include="src\Shaders\skyboxVertexShader.vert">
      <Filter>Shaders</Filter>
    </None>
    <None Include="src\Shaders\skyboxFragShader.frag">
      <Filter>Shaders</Filter>
    </None>
    <None Include="src\Shaders\Blinn_noTexture.frag">
      <Filter>Shaders</Filter>
    </None>
    <None Include="src\Shaders\Reflect.frag">
      <Filter>Shaders</Filter>
    </None>
    <None Include="src\Shaders\Reflect.vert">
      <Filter>Shaders</Filter>
    </None>
    <None Include="src\Shaders\Depth.frag">
      <Filter>Shaders</Filter>
    </None>
    <None Include="src\Shaders\Depth.vert">
      <Filter>Shaders</Filter>
    </None>
    <None Include="src\Shaders\RTT_Simple.frag">
      <Filter>Shaders</Filter>
    </None>
    <None Include="src\Shaders\PBR.frag">
      <Filter>Shaders</Filter>
    </None>
    <None Include="src\Shaders\PBR.vert">
      <Filter>Shaders</Filter>
    </None>
    <None Include="src\Shaders\irradiance.frag">
      <Filter>Shaders</Filter>
    </None>
    <None Include="src\Shaders\filterSpecular.frag">
      <Filter>Shaders</Filter>
    </None>
    <None Include="src\Shaders\filterBRDF.frag">
      <Filter>Shaders</Filter>
    </None>
    <None Include="src\Shaders\DefaultMVP.vert">
      <Filter>Shaders</Filter>
    </None>
  </ItemGroup>
  <ItemGroup>
    <Text Include="External\glm\glm\CMakeLists.txt">
      <Filter>glm</Filter>
    </Text>
  </ItemGroup>
</Project>